
Microsoft Visual Studio Solution File, Format Version 12.00
# Visual Studio Version 17
VisualStudioVersion = 17.2.32616.157
MinimumVisualStudioVersion = 10.0.40219.1
Project("{FAE04EC0-301F-11D3-BF4B-00C04F79EFBC}") = "FSEngine", "Engine\FSEngine.csproj", "{092872E7-DA85-4FC5-86A6-5D1AC8791854}"
EndProject
Global
	GlobalSection(SolutionConfigurationPlatforms) = preSolution
		Debug|Any CPU = Debug|Any CPU
		Release|Any CPU = Release|Any CPU
	EndGlobalSection
	GlobalSection(ProjectConfigurationPlatforms) = postSolution
		{092872E7-DA85-4FC5-86A6-5D1AC8791854}.Debug|Any CPU.ActiveCfg = Debug|Any CPU
		{092872E7-DA85-4FC5-86A6-5D1AC8791854}.Debug|Any CPU.Build.0 = Debug|Any CPU
		{092872E7-DA85-4FC5-86A6-5D1AC8791854}.Release|Any CPU.ActiveCfg = Release|Any CPU
		{092872E7-DA85-4FC5-86A6-5D1AC8791854}.Release|Any CPU.Build.0 = Release|Any CPU
	EndGlobalSection
	GlobalSection(SolutionProperties) = preSolution
		HideSolutionNode = FALSE
	EndGlobalSection
	GlobalSection(ExtensibilityGlobals) = postSolution
		SolutionGuid = {3A4B078A-8912-4BF0-BB3D-D31EBB271A16}
	EndGlobalSection
EndGlobal
